{
  "name": "mini_blog",
  "version": "1.0.0",
  "lockfileVersion": 1,
  "requires": true,
  "dependencies": {
    "weui-miniprogram": {
      "version": "1.0.6",
      "resolved": "https://registry.npm.taobao.org/weui-miniprogram/download/weui-miniprogram-1.0.6.tgz",
      "integrity": "sha1-JnQ4JOD3m5LkQXo9s9F/djHYgNw="
    }
  }
}
